
Microsoft Visual Studio Solution File, Format Version 12.00
# Visual Studio Version 17
VisualStudioVersion = 17.4.33205.214
MinimumVisualStudioVersion = 10.0.40219.1
Project("{FAE04EC0-301F-11D3-BF4B-00C04F79EFBC}") = "repo", "repo\repo.csproj", "{9B7C9C93-AA3C-44F1-A887-7FB972282087}"
EndProject
Project("{FAE04EC0-301F-11D3-BF4B-00C04F79EFBC}") = "repoTest", "repoTest\repoTest.csproj", "{121CCC7D-0718-49A6-996D-34968B396418}"
EndProject
Global
	GlobalSection(SolutionConfigurationPlatforms) = preSolution
		Debug|Any CPU = Debug|Any CPU
		Release|Any CPU = Release|Any CPU
	EndGlobalSection
	GlobalSection(ProjectConfigurationPlatforms) = postSolution
		{9B7C9C93-AA3C-44F1-A887-7FB972282087}.Debug|Any CPU.ActiveCfg = Debug|Any CPU
		{9B7C9C93-AA3C-44F1-A887-7FB972282087}.Debug|Any CPU.Build.0 = Debug|Any CPU
		{9B7C9C93-AA3C-44F1-A887-7FB972282087}.Release|Any CPU.ActiveCfg = Release|Any CPU
		{9B7C9C93-AA3C-44F1-A887-7FB972282087}.Release|Any CPU.Build.0 = Release|Any CPU
		{121CCC7D-0718-49A6-996D-34968B396418}.Debug|Any CPU.ActiveCfg = Debug|Any CPU
		{121CCC7D-0718-49A6-996D-34968B396418}.Debug|Any CPU.Build.0 = Debug|Any CPU
		{121CCC7D-0718-49A6-996D-34968B396418}.Release|Any CPU.ActiveCfg = Release|Any CPU
		{121CCC7D-0718-49A6-996D-34968B396418}.Release|Any CPU.Build.0 = Release|Any CPU
	EndGlobalSection
	GlobalSection(SolutionProperties) = preSolution
		HideSolutionNode = FALSE
	EndGlobalSection
	GlobalSection(ExtensibilityGlobals) = postSolution
		SolutionGuid = {613E5EDE-AA9B-44E5-AC2B-A9AF06F2A7AB}
	EndGlobalSection
EndGlobal
